
Microsoft Visual Studio Solution File, Format Version 12.00
# Visual Studio 15
VisualStudioVersion = 15.0.28010.2046
MinimumVisualStudioVersion = 10.0.40219.1
Project("{8BC9CEB8-8B4A-11D0-8D11-00A0C91BC942}") = "CUDA_TEST4", "CUDA_TEST4\CUDA_TEST4.vcxproj", "{047EB21C-70E9-4E68-BD3E-51FA0C1E469C}"
EndProject
Global
	GlobalSection(SolutionConfigurationPlatforms) = preSolution
		Debug|x64 = Debug|x64
		Debug|x86 = Debug|x86
		Release|x64 = Release|x64
		Release|x86 = Release|x86
	EndGlobalSection
	GlobalSection(ProjectConfigurationPlatforms) = postSolution
		{047EB21C-70E9-4E68-BD3E-51FA0C1E469C}.Debug|x64.ActiveCfg = Debug|x64
		{047EB21C-70E9-4E68-BD3E-51FA0C1E469C}.Debug|x64.Build.0 = Debug|x64
		{047EB21C-70E9-4E68-BD3E-51FA0C1E469C}.Debug|x86.ActiveCfg = Debug|Win32
		{047EB21C-70E9-4E68-BD3E-51FA0C1E469C}.Debug|x86.Build.0 = Debug|Win32
		{047EB21C-70E9-4E68-BD3E-51FA0C1E469C}.Release|x64.ActiveCfg = Release|x64
		{047EB21C-70E9-4E68-BD3E-51FA0C1E469C}.Release|x64.Build.0 = Release|x64
		{047EB21C-70E9-4E68-BD3E-51FA0C1E469C}.Release|x86.ActiveCfg = Release|Win32
		{047EB21C-70E9-4E68-BD3E-51FA0C1E469C}.Release|x86.Build.0 = Release|Win32
	EndGlobalSection
	GlobalSection(SolutionProperties) = preSolution
		HideSolutionNode = FALSE
	EndGlobalSection
	GlobalSection(ExtensibilityGlobals) = postSolution
		SolutionGuid = {43A519DB-BD3F-41EE-B732-9888331BA4FD}
	EndGlobalSection
EndGlobal
